hash: 8a9a8576d1e948417400cbb5550951a78629a03e5b7158d12ae609f530e1b165
updated: 2016-10-28T00:41:07.996769553-02:00
imports:
- name: github.com/digitalocean/godo
  version: 2ff8a02a86cd6918b384a5000ceebe886844fbce
- name: github.com/golang/protobuf
  version: 98fa357170587e470c5f27d3c3ea0947b71eb455
  subpackages:
  - proto
- name: github.com/google/go-querystring
  version: 9235644dd9e52eeae6fa48efd539fdc351a0af53
  subpackages:
  - query
- name: github.com/tent/http-link-go
  version: ac974c61c2f990f4115b119354b5e0b47550e888
- name: golang.org/x/net
  version: b336a971b799939dd16ae9b1df8334cb8b977c4d
  subpackages:
  - context
- name: golang.org/x/oauth2
  version: 25b4fb1468cb89700c7c060cb99f30581a61f5e3
  subpackages:
  - internal
- name: google.golang.org/appengine
  version: 46239ca616842c00f41b8cbc6bbf2bd6ffbfcdad
  subpackages:
  - internal
  - internal/base
  - internal/datastore
  - internal/log
  - internal/remote_api
  - internal/urlfetch
  - urlfetch
testImports: []
